PODS:
  - Intrepid (0.13.1):
    - Intrepid/Core (= 0.13.1)
  - Intrepid/Core (0.13.1):
    - IP-UIKit-Wisdom (= 0.0.10)
  - IP-UIKit-Wisdom (0.0.10)
  - IPDatePicker (0.9.1):
    - Intrepid
    - PureLayout
  - PureLayout (3.1.4)

DEPENDENCIES:
  - Intrepid (~> 0.13.1)
  - IPDatePicker (from `../`)

SPEC REPOS:
  https://github.com/cocoapods/specs.git:
    - Intrepid
    - IP-UIKit-Wisdom
    - PureLayout

EXTERNAL SOURCES:
  IPDatePicker:
    :path: "../"

SPEC CHECKSUMS:
  Intrepid: 22a3e21c042151c9c78cc4026250c02c0baf6729
  IP-UIKit-Wisdom: b395a065344071b33659e5f6b918043a97c48a44
  IPDatePicker: da1cf034c132b891e397b945f477c85e2f3ef054
  PureLayout: f08c01b8dec00bb14a1fefa3de4c7d9c265df85e

PODFILE CHECKSUM: b7225e66cbd133b785473e546307f5f20420579c

COCOAPODS: 1.6.1
