PODS:
  - Intrepid (0.12.0):
    - Intrepid/Core (= 0.12.0)
  - Intrepid/Core (0.12.0):
    - IP-UIKit-Wisdom (= 0.0.10)
  - IP-UIKit-Wisdom (0.0.10)
  - IPDatePicker (0.7.0):
    - Intrepid
    - PureLayout
  - PureLayout (3.1.4)

DEPENDENCIES:
  - Intrepid (~> 0.12)
  - IPDatePicker (from `../`)

SPEC REPOS:
  https://github.com/cocoapods/specs.git:
    - Intrepid
    - IP-UIKit-Wisdom
    - PureLayout

EXTERNAL SOURCES:
  IPDatePicker:
    :path: "../"

SPEC CHECKSUMS:
  Intrepid: 07fd9de542a68b98f24b0a20c6e59be5f21ce9dd
  IP-UIKit-Wisdom: b395a065344071b33659e5f6b918043a97c48a44
  IPDatePicker: 4de3babf2a0c7d53e8de627526b91c3bb9ffcfb8
  PureLayout: f08c01b8dec00bb14a1fefa3de4c7d9c265df85e

PODFILE CHECKSUM: aa932f6be0726423dd6b6592018d236cf5d9088e

COCOAPODS: 1.6.1
